// !$*UTF8*$!
{
	archiveVersion = 1;
	classes = {
	};
	objectVersion = 46;
	objects = {

/* Begin PBXBuildFile section */
		24A8BF9C1CE7ED2600660828 /* 635844632811668548-110012419_IZTpcV7.png in Resources */ = {isa = PBXBuildFile; fileRef = 24A8BF9B1CE7ED2600660828 /* 635844632811668548-110012419_IZTpcV7.png */; };
		3FDB92835BAE895A27C5F353 /* Pods_vaporweight.framework in Frameworks */ = {isa = PBXBuildFile; fileRef = 8A9ED2FE17C1FEFABE4F8089 /* Pods_vaporweight.framework */; };
		62168EC61CE7DDCA0016782E /* AppDelegate.swift in Sources */ = {isa = PBXBuildFile; fileRef = 62168EC51CE7DDCA0016782E /* AppDelegate.swift */; };
		62168EC81CE7DDCA0016782E /* MainViewController.swift in Sources */ = {isa = PBXBuildFile; fileRef = 62168EC71CE7DDCA0016782E /* MainViewController.swift */; };
		62168ECB1CE7DDCA0016782E /* Main.storyboard in Resources */ = {isa = PBXBuildFile; fileRef = 62168EC91CE7DDCA0016782E /* Main.storyboard */; };
		62168ECD1CE7DDCA0016782E /* Assets.xcassets in Resources */ = {isa = PBXBuildFile; fileRef = 62168ECC1CE7DDCA0016782E /* Assets.xcassets */; };
		62168ED01CE7DDCA0016782E /* LaunchScreen.storyboard in Resources */ = {isa = PBXBuildFile; fileRef = 62168ECE1CE7DDCA0016782E /* LaunchScreen.storyboard */; };
		62F270761CE7F2910072C9E5 /* TimerViewController.swift in Sources */ = {isa = PBXBuildFile; fileRef = 62F270751CE7F2910072C9E5 /* TimerViewController.swift */; };
		62F270781CE7F2AB0072C9E5 /* MapViewController.swift in Sources */ = {isa = PBXBuildFile; fileRef = 62F270771CE7F2AB0072C9E5 /* MapViewController.swift */; };
		62F2707B1CE7F3010072C9E5 /* MapKit.framework in Frameworks */ = {isa = PBXBuildFile; fileRef = 62F2707A1CE7F3010072C9E5 /* MapKit.framework */; };
/* End PBXBuildFile section */

/* Begin PBXFileReference section */
		24A8BF9B1CE7ED2600660828 /* 635844632811668548-110012419_IZTpcV7.png */ = {isa = PBXFileReference; lastKnownFileType = image.png; path = "635844632811668548-110012419_IZTpcV7.png"; sourceTree = "<group>"; };
		62168EC21CE7DDCA0016782E /* vaporweight.app */ = {isa = PBXFileReference; explicitFileType = wrapper.application; includeInIndex = 0; path = vaporweight.app; sourceTree = BUILT_PRODUCTS_DIR; };
		62168EC51CE7DDCA0016782E /* AppDelegate.swift */ = {isa = PBXFileReference; lastKnownFileType = sourcecode.swift; path = AppDelegate.swift; sourceTree = "<group>"; };
		62168EC71CE7DDCA0016782E /* MainViewController.swift */ = {isa = PBXFileReference; lastKnownFileType = sourcecode.swift; path = MainViewController.swift; sourceTree = "<group>"; };
		62168ECA1CE7DDCA0016782E /* Base */ = {isa = PBXFileReference; lastKnownFileType = file.storyboard; name = Base; path = Base.lproj/Main.storyboard; sourceTree = "<group>"; };
		62168ECC1CE7DDCA0016782E /* Assets.xcassets */ = {isa = PBXFileReference; lastKnownFileType = folder.assetcatalog; path = Assets.xcassets; sourceTree = "<group>"; };
		62168ECF1CE7DDCA0016782E /* Base */ = {isa = PBXFileReference; lastKnownFileType = file.storyboard; name = Base; path = Base.lproj/LaunchScreen.storyboard; sourceTree = "<group>"; };
		62168ED11CE7DDCA0016782E /* Info.plist */ = {isa = PBXFileReference; lastKnownFileType = text.plist.xml; path = Info.plist; sourceTree = "<group>"; };
		62F270751CE7F2910072C9E5 /* TimerViewController.swift */ = {isa = PBXFileReference; fileEncoding = 4; lastKnownFileType = sourcecode.swift; path = TimerViewController.swift; sourceTree = "<group>"; };
		62F270771CE7F2AB0072C9E5 /* MapViewController.swift */ = {isa = PBXFileReference; fileEncoding = 4; lastKnownFileType = sourcecode.swift; path = MapViewController.swift; sourceTree = "<group>"; };
		62F2707A1CE7F3010072C9E5 /* MapKit.framework */ = {isa = PBXFileReference; lastKnownFileType = wrapper.framework; name = MapKit.framework; path = System/Library/Frameworks/MapKit.framework; sourceTree = SDKROOT; };
		8A9ED2FE17C1FEFABE4F8089 /* Pods_vaporweight.framework */ = {isa = PBXFileReference; explicitFileType = wrapper.framework; includeInIndex = 0; path = Pods_vaporweight.framework; sourceTree = BUILT_PRODUCTS_DIR; };
		9054C651FB83A59721A98846 /* Pods-vaporweight.debug.xcconfig */ = {isa = PBXFileReference; includeInIndex = 1; lastKnownFileType = text.xcconfig; name = "Pods-vaporweight.debug.xcconfig"; path = "Pods/Target Support Files/Pods-vaporweight/Pods-vaporweight.debug.xcconfig"; sourceTree = "<group>"; };
		E19AB9D361D8323476EC307F /* Pods-vaporweight.release.xcconfig */ = {isa = PBXFileReference; includeInIndex = 1; lastKnownFileType = text.xcconfig; name = "Pods-vaporweight.release.xcconfig"; path = "Pods/Target Support Files/Pods-vaporweight/Pods-vaporweight.release.xcconfig"; sourceTree = "<group>"; };
/* End PBXFileReference section */

/* Begin PBXFrameworksBuildPhase section */
		62168EBF1CE7DDCA0016782E /* Frameworks */ = {
			isa = PBXFrameworksBuildPhase;
			buildActionMask = 2147483647;
			files = (
				62F2707B1CE7F3010072C9E5 /* MapKit.framework in Frameworks */,
				3FDB92835BAE895A27C5F353 /* Pods_vaporweight.framework in Frameworks */,
			);
			runOnlyForDeploymentPostprocessing = 0;
		};
/* End PBXFrameworksBuildPhase section */

/* Begin PBXGroup section */
		57C4A14C3AFDA186E0B1C2E5 /* Pods */ = {
			isa = PBXGroup;
			children = (
				9054C651FB83A59721A98846 /* Pods-vaporweight.debug.xcconfig */,
				E19AB9D361D8323476EC307F /* Pods-vaporweight.release.xcconfig */,
			);
			name = Pods;
			sourceTree = "<group>";
		};
		62168EB91CE7DDCA0016782E = {
			isa = PBXGroup;
			children = (
				62F2707A1CE7F3010072C9E5 /* MapKit.framework */,
				62168EC41CE7DDCA0016782E /* vaporweight */,
				62168EC31CE7DDCA0016782E /* Products */,
				57C4A14C3AFDA186E0B1C2E5 /* Pods */,
				BD808C0FD768F82D20A2D3ED /* Frameworks */,
			);
			sourceTree = "<group>";
		};
		62168EC31CE7DDCA0016782E /* Products */ = {
			isa = PBXGroup;
			children = (
				62168EC21CE7DDCA0016782E /* vaporweight.app */,
			);
			name = Products;
			sourceTree = "<group>";
		};
		62168EC41CE7DDCA0016782E /* vaporweight */ = {
			isa = PBXGroup;
			children = (
				62168EC51CE7DDCA0016782E /* AppDelegate.swift */,
				62F270791CE7F2B10072C9E5 /* View Controllers */,
				62168EC91CE7DDCA0016782E /* Main.storyboard */,
				62168ECC1CE7DDCA0016782E /* Assets.xcassets */,
				62168ECE1CE7DDCA0016782E /* LaunchScreen.storyboard */,
				62168ED11CE7DDCA0016782E /* Info.plist */,
				24A8BF9B1CE7ED2600660828 /* 635844632811668548-110012419_IZTpcV7.png */,
			);
			path = vaporweight;
			sourceTree = "<group>";
		};
		62F270791CE7F2B10072C9E5 /* View Controllers */ = {
			isa = PBXGroup;
			children = (
				62168EC71CE7DDCA0016782E /* MainViewController.swift */,
				62F270751CE7F2910072C9E5 /* TimerViewController.swift */,
				62F270771CE7F2AB0072C9E5 /* MapViewController.swift */,
			);
			name = "View Controllers";
			sourceTree = "<group>";
		};
		BD808C0FD768F82D20A2D3ED /* Frameworks */ = {
			isa = PBXGroup;
			children = (
				8A9ED2FE17C1FEFABE4F8089 /* Pods_vaporweight.framework */,
			);
			name = Frameworks;
			sourceTree = "<group>";
		};
/* End PBXGroup section */

/* Begin PBXNativeTarget section */
		62168EC11CE7DDCA0016782E /* vaporweight */ = {
			isa = PBXNativeTarget;
			buildConfigurationList = 62168ED41CE7DDCA0016782E /* Build configuration list for PBXNativeTarget "vaporweight" */;
			buildPhases = (
				9279F46E56715FD316CA3BF2 /* 📦 Check Pods Manifest.lock */,
				62168EBE1CE7DDCA0016782E /* Sources */,
				62168EBF1CE7DDCA0016782E /* Frameworks */,
				62168EC01CE7DDCA0016782E /* Resources */,
				00FB51D441B5DCFC8C6B945A /* 📦 Embed Pods Frameworks */,
				C36101B091C9BF1EAA870AFB /* 📦 Copy Pods Resources */,
			);
			buildRules = (
			);
			dependencies = (
			);
			name = vaporweight;
			productName = vaporweight;
			productReference = 62168EC21CE7DDCA0016782E /* vaporweight.app */;
			productType = "com.apple.product-type.application";
		};
/* End PBXNativeTarget section */

/* Begin PBXProject section */
		62168EBA1CE7DDCA0016782E /* Project object */ = {
			isa = PBXProject;
			attributes = {
				LastSwiftUpdateCheck = 0720;
				LastUpgradeCheck = 0720;
				ORGANIZATIONNAME = "Kelly Hutchison";
				TargetAttributes = {
					62168EC11CE7DDCA0016782E = {
						CreatedOnToolsVersion = 7.2.1;
					};
				};
			};
			buildConfigurationList = 62168EBD1CE7DDCA0016782E /* Build configuration list for PBXProject "vaporweight" */;
			compatibilityVersion = "Xcode 3.2";
			developmentRegion = English;
			hasScannedForEncodings = 0;
			knownRegions = (
				en,
				Base,
			);
			mainGroup = 62168EB91CE7DDCA0016782E;
			productRefGroup = 62168EC31CE7DDCA0016782E /* Products */;
			projectDirPath = "";
			projectRoot = "";
			targets = (
				62168EC11CE7DDCA0016782E /* vaporweight */,
			);
		};
/* End PBXProject section */

/* Begin PBXResourcesBuildPhase section */
		62168EC01CE7DDCA0016782E /* Resources */ = {
			isa = PBXResourcesBuildPhase;
			buildActionMask = 2147483647;
			files = (
				62168ED01CE7DDCA0016782E /* LaunchScreen.storyboard in Resources */,
				24A8BF9C1CE7ED2600660828 /* 635844632811668548-110012419_IZTpcV7.png in Resources */,
				62168ECD1CE7DDCA0016782E /* Assets.xcassets in Resources */,
				62168ECB1CE7DDCA0016782E /* Main.storyboard in Resources */,
			);
			runOnlyForDeploymentPostprocessing = 0;
		};
/* End PBXResourcesBuildPhase section */

/* Begin PBXShellScriptBuildPhase section */
		00FB51D441B5DCFC8C6B945A /* 📦 Embed Pods Frameworks */ = {
			isa = PBXShellScriptBuildPhase;
			buildActionMask = 2147483647;
			files = (
			);
			inputPaths = (
			);
			name = "📦 Embed Pods Frameworks";
			outputPaths = (
			);
			runOnlyForDeploymentPostprocessing = 0;
			shellPath = /bin/sh;
			shellScript = "\"${SRCROOT}/Pods/Target Support Files/Pods-vaporweight/Pods-vaporweight-frameworks.sh\"\n";
			showEnvVarsInLog = 0;
		};
		9279F46E56715FD316CA3BF2 /* 📦 Check Pods Manifest.lock */ = {
			isa = PBXShellScriptBuildPhase;
			buildActionMask = 2147483647;
			files = (
			);
			inputPaths = (
			);
			name = "📦 Check Pods Manifest.lock";
			outputPaths = (
			);
			runOnlyForDeploymentPostprocessing = 0;
			shellPath = /bin/sh;
			shellScript = "diff \"${PODS_ROOT}/../Podfile.lock\" \"${PODS_ROOT}/Manifest.lock\" > /dev/null\nif [[ $? != 0 ]] ; then\n    cat << EOM\nerror: The sandbox is not in sync with the Podfile.lock. Run 'pod install' or update your CocoaPods installation.\nEOM\n    exit 1\nfi\n";
			showEnvVarsInLog = 0;
		};
		C36101B091C9BF1EAA870AFB /* 📦 Copy Pods Resources */ = {
			isa = PBXShellScriptBuildPhase;
			buildActionMask = 2147483647;
			files = (
			);
			inputPaths = (
			);
			name = "📦 Copy Pods Resources";
			outputPaths = (
			);
			runOnlyForDeploymentPostprocessing = 0;
			shellPath = /bin/sh;
			shellScript = "\"${SRCROOT}/Pods/Target Support Files/Pods-vaporweight/Pods-vaporweight-resources.sh\"\n";
			showEnvVarsInLog = 0;
		};
/* End PBXShellScriptBuildPhase section */

/* Begin PBXSourcesBuildPhase section */
		62168EBE1CE7DDCA0016782E /* Sources */ = {
			isa = PBXSourcesBuildPhase;
			buildActionMask = 2147483647;
			files = (
				62168EC81CE7DDCA0016782E /* MainViewController.swift in Sources */,
				62F270761CE7F2910072C9E5 /* TimerViewController.swift in Sources */,
				62168EC61CE7DDCA0016782E /* AppDelegate.swift in Sources */,
				62F270781CE7F2AB0072C9E5 /* MapViewController.swift in Sources */,
			);
			runOnlyForDeploymentPostprocessing = 0;
		};
/* End PBXSourcesBuildPhase section */

/* Begin PBXVariantGroup section */
		62168EC91CE7DDCA0016782E /* Main.storyboard */ = {
			isa = PBXVariantGroup;
			children = (
				62168ECA1CE7DDCA0016782E /* Base */,
			);
			name = Main.storyboard;
			sourceTree = "<group>";
		};
		62168ECE1CE7DDCA0016782E /* LaunchScreen.storyboard */ = {
			isa = PBXVariantGroup;
			children = (
				62168ECF1CE7DDCA0016782E /* Base */,
			);
			name = LaunchScreen.storyboard;
			sourceTree = "<group>";
		};
/* End PBXVariantGroup section */

/* Begin XCBuildConfiguration section */
		62168ED21CE7DDCA0016782E /* Debug */ = {
			isa = XCBuildConfiguration;
			buildSettings = {
				ALWAYS_SEARCH_USER_PATHS = NO;
				CLANG_CXX_LANGUAGE_STANDARD = "gnu++0x";
				CLANG_CXX_LIBRARY = "libc++";
				CLANG_ENABLE_MODULES = YES;
				CLANG_ENABLE_OBJC_ARC = YES;
				CLANG_WARN_BOOL_CONVERSION = YES;
				CLANG_WARN_CONSTANT_CONVERSION = YES;
				CLANG_WARN_DIRECT_OBJC_ISA_USAGE = YES_ERROR;
				CLANG_WARN_EMPTY_BODY = YES;
				CLANG_WARN_ENUM_CONVERSION = YES;
				CLANG_WARN_INT_CONVERSION = YES;
				CLANG_WARN_OBJC_ROOT_CLASS = YES_ERROR;
				CLANG_WARN_UNREACHABLE_CODE = YES;
				CLANG_WARN__DUPLICATE_METHOD_MATCH = YES;
				"CODE_SIGN_IDENTITY[sdk=iphoneos*]" = "iPhone Developer";
				COPY_PHASE_STRIP = NO;
				DEBUG_INFORMATION_FORMAT = dwarf;
				ENABLE_STRICT_OBJC_MSGSEND = YES;
				ENABLE_TESTABILITY = YES;
				GCC_C_LANGUAGE_STANDARD = gnu99;
				GCC_DYNAMIC_NO_PIC = NO;
				GCC_NO_COMMON_BLOCKS = YES;
				GCC_OPTIMIZATION_LEVEL = 0;
				GCC_PREPROCESSOR_DEFINITIONS = (
					"DEBUG=1",
					"$(inherited)",
				);
				GCC_WARN_64_TO_32_BIT_CONVERSION = YES;
				GCC_WARN_ABOUT_RETURN_TYPE = YES_ERROR;
				GCC_WARN_UNDECLARED_SELECTOR = YES;
				GCC_WARN_UNINITIALIZED_AUTOS = YES_AGGRESSIVE;
				GCC_WARN_UNUSED_FUNCTION = YES;
				GCC_WARN_UNUSED_VARIABLE = YES;
				IPHONEOS_DEPLOYMENT_TARGET = 9.2;
				MTL_ENABLE_DEBUG_INFO = YES;
				ONLY_ACTIVE_ARCH = YES;
				SDKROOT = iphoneos;
				SWIFT_OPTIMIZATION_LEVEL = "-Onone";
				TARGETED_DEVICE_FAMILY = "1,2";
			};
			name = Debug;
		};
		62168ED31CE7DDCA0016782E /* Release */ = {
			isa = XCBuildConfiguration;
			buildSettings = {
				ALWAYS_SEARCH_USER_PATHS = NO;
				CLANG_CXX_LANGUAGE_STANDARD = "gnu++0x";
				CLANG_CXX_LIBRARY = "libc++";
				CLANG_ENABLE_MODULES = YES;
				CLANG_ENABLE_OBJC_ARC = YES;
				CLANG_WARN_BOOL_CONVERSION = YES;
				CLANG_WARN_CONSTANT_CONVERSION = YES;
				CLANG_WARN_DIRECT_OBJC_ISA_USAGE = YES_ERROR;
				CLANG_WARN_EMPTY_BODY = YES;
				CLANG_WARN_ENUM_CONVERSION = YES;
				CLANG_WARN_INT_CONVERSION = YES;
				CLANG_WARN_OBJC_ROOT_CLASS = YES_ERROR;
				CLANG_WARN_UNREACHABLE_CODE = YES;
				CLANG_WARN__DUPLICATE_METHOD_MATCH = YES;
				"CODE_SIGN_IDENTITY[sdk=iphoneos*]" = "iPhone Developer";
				COPY_PHASE_STRIP = NO;
				DEBUG_INFORMATION_FORMAT = "dwarf-with-dsym";
				ENABLE_NS_ASSERTIONS = NO;
				ENABLE_STRICT_OBJC_MSGSEND = YES;
				GCC_C_LANGUAGE_STANDARD = gnu99;
				GCC_NO_COMMON_BLOCKS = YES;
				GCC_WARN_64_TO_32_BIT_CONVERSION = YES;
				GCC_WARN_ABOUT_RETURN_TYPE = YES_ERROR;
				GCC_WARN_UNDECLARED_SELECTOR = YES;
				GCC_WARN_UNINITIALIZED_AUTOS = YES_AGGRESSIVE;
				GCC_WARN_UNUSED_FUNCTION = YES;
				GCC_WARN_UNUSED_VARIABLE = YES;
				IPHONEOS_DEPLOYMENT_TARGET = 9.2;
				MTL_ENABLE_DEBUG_INFO = NO;
				SDKROOT = iphoneos;
				TARGETED_DEVICE_FAMILY = "1,2";
				VALIDATE_PRODUCT = YES;
			};
			name = Release;
		};
		62168ED51CE7DDCA0016782E /* Debug */ = {
			isa = XCBuildConfiguration;
			baseConfigurationReference = 9054C651FB83A59721A98846 /* Pods-vaporweight.debug.xcconfig */;
			buildSettings = {
				ASSETCATALOG_COMPILER_APPICON_NAME = AppIcon;
				INFOPLIST_FILE = vaporweight/Info.plist;
				LD_RUNPATH_SEARCH_PATHS = "$(inherited) @executable_path/Frameworks";
				PRODUCT_BUNDLE_IDENTIFIER = hutchison.kelly.vaporweight;
				PRODUCT_NAME = "$(TARGET_NAME)";
			};
			name = Debug;
		};
		62168ED61CE7DDCA0016782E /* Release */ = {
			isa = XCBuildConfiguration;
			baseConfigurationReference = E19AB9D361D8323476EC307F /* Pods-vaporweight.release.xcconfig */;
			buildSettings = {
				ASSETCATALOG_COMPILER_APPICON_NAME = AppIcon;
				INFOPLIST_FILE = vaporweight/Info.plist;
				LD_RUNPATH_SEARCH_PATHS = "$(inherited) @executable_path/Frameworks";
				PRODUCT_BUNDLE_IDENTIFIER = hutchison.kelly.vaporweight;
				PRODUCT_NAME = "$(TARGET_NAME)";
			};
			name = Release;
		};
/* End XCBuildConfiguration section */

/* Begin XCConfigurationList section */
		62168EBD1CE7DDCA0016782E /* Build configuration list for PBXProject "vaporweight" */ = {
			isa = XCConfigurationList;
			buildConfigurations = (
				62168ED21CE7DDCA0016782E /* Debug */,
				62168ED31CE7DDCA0016782E /* Release */,
			);
			defaultConfigurationIsVisible = 0;
			defaultConfigurationName = Release;
		};
		62168ED41CE7DDCA0016782E /* Build configuration list for PBXNativeTarget "vaporweight" */ = {
			isa = XCConfigurationList;
			buildConfigurations = (
				62168ED51CE7DDCA0016782E /* Debug */,
				62168ED61CE7DDCA0016782E /* Release */,
			);
			defaultConfigurationIsVisible = 0;
			defaultConfigurationName = Release;
		};
/* End XCConfigurationList section */
	};
	rootObject = 62168EBA1CE7DDCA0016782E /* Project object */;
}
